// !$*UTF8*$!
{
	archiveVersion = 1;
	classes = {
	};
	objectVersion = 50;
	objects = {

/* Begin PBXBuildFile section */
		6A604C532419A1B600D74909 /* AppDelegate.swift in Sources */ = {isa = PBXBuildFile; fileRef = 6A604C522419A1B600D74909 /* AppDelegate.swift */; };
		6A604C552419A1B600D74909 /* ViewController.swift in Sources */ = {isa = PBXBuildFile; fileRef = 6A604C542419A1B600D74909 /* ViewController.swift */; };
		6A604C582419A1B700D74909 /* Main.storyboard in Resources */ = {isa = PBXBuildFile; fileRef = 6A604C562419A1B700D74909 /* Main.storyboard */; };
		6A604C5A2419A1B800D74909 /* Assets.xcassets in Resources */ = {isa = PBXBuildFile; fileRef = 6A604C592419A1B800D74909 /* Assets.xcassets */; };
		6A604C5D2419A1B800D74909 /* LaunchScreen.storyboard in Resources */ = {isa = PBXBuildFile; fileRef = 6A604C5B2419A1B800D74909 /* LaunchScreen.storyboard */; };
		6A604C682419A1B900D74909 /* Actividad9_GDCVTests.swift in Sources */ = {isa = PBXBuildFile; fileRef = 6A604C672419A1B900D74909 /* Actividad9_GDCVTests.swift */; };
		6A604C732419A1B900D74909 /* Actividad9_GDCVUITests.swift in Sources */ = {isa = PBXBuildFile; fileRef = 6A604C722419A1B900D74909 /* Actividad9_GDCVUITests.swift */; };
/* End PBXBuildFile section */

/* Begin PBXContainerItemProxy section */
		6A604C642419A1B800D74909 /* PBXContainerItemProxy */ = {
			isa = PBXContainerItemProxy;
			containerPortal = 6A604C472419A1B600D74909 /* Project object */;
			proxyType = 1;
			remoteGlobalIDString = 6A604C4E2419A1B600D74909;
			remoteInfo = Actividad9_GDCV;
		};
		6A604C6F2419A1B900D74909 /* PBXContainerItemProxy */ = {
			isa = PBXContainerItemProxy;
			containerPortal = 6A604C472419A1B600D74909 /* Project object */;
			proxyType = 1;
			remoteGlobalIDString = 6A604C4E2419A1B600D74909;
			remoteInfo = Actividad9_GDCV;
		};
/* End PBXContainerItemProxy section */

/* Begin PBXFileReference section */
		6A604C4F2419A1B600D74909 /* Actividad9_GDCV.app */ = {isa = PBXFileReference; explicitFileType = wrapper.application; includeInIndex = 0; path = Actividad9_GDCV.app; sourceTree = BUILT_PRODUCTS_DIR; };
		6A604C522419A1B600D74909 /* AppDelegate.swift */ = {isa = PBXFileReference; lastKnownFileType = sourcecode.swift; path = AppDelegate.swift; sourceTree = "<group>"; };
		6A604C542419A1B600D74909 /* ViewController.swift */ = {isa = PBXFileReference; lastKnownFileType = sourcecode.swift; path = ViewController.swift; sourceTree = "<group>"; };
		6A604C572419A1B700D74909 /* Base */ = {isa = PBXFileReference; lastKnownFileType = file.storyboard; name = Base; path = Base.lproj/Main.storyboard; sourceTree = "<group>"; };
		6A604C592419A1B800D74909 /* Assets.xcassets */ = {isa = PBXFileReference; lastKnownFileType = folder.assetcatalog; path = Assets.xcassets; sourceTree = "<group>"; };
		6A604C5C2419A1B800D74909 /* Base */ = {isa = PBXFileReference; lastKnownFileType = file.storyboard; name = Base; path = Base.lproj/LaunchScreen.storyboard; sourceTree = "<group>"; };
		6A604C5E2419A1B800D74909 /* Info.plist */ = {isa = PBXFileReference; lastKnownFileType = text.plist.xml; path = Info.plist; sourceTree = "<group>"; };
		6A604C632419A1B800D74909 /* Actividad9_GDCVTests.xctest */ = {isa = PBXFileReference; explicitFileType = wrapper.cfbundle; includeInIndex = 0; path = Actividad9_GDCVTests.xctest; sourceTree = BUILT_PRODUCTS_DIR; };
		6A604C672419A1B900D74909 /* Actividad9_GDCVTests.swift */ = {isa = PBXFileReference; lastKnownFileType = sourcecode.swift; path = Actividad9_GDCVTests.swift; sourceTree = "<group>"; };
		6A604C692419A1B900D74909 /* Info.plist */ = {isa = PBXFileReference; lastKnownFileType = text.plist.xml; path = Info.plist; sourceTree = "<group>"; };
		6A604C6E2419A1B900D74909 /* Actividad9_GDCVUITests.xctest */ = {isa = PBXFileReference; explicitFileType = wrapper.cfbundle; includeInIndex = 0; path = Actividad9_GDCVUITests.xctest; sourceTree = BUILT_PRODUCTS_DIR; };
		6A604C722419A1B900D74909 /* Actividad9_GDCVUITests.swift */ = {isa = PBXFileReference; lastKnownFileType = sourcecode.swift; path = Actividad9_GDCVUITests.swift; sourceTree = "<group>"; };
		6A604C742419A1B900D74909 /* Info.plist */ = {isa = PBXFileReference; lastKnownFileType = text.plist.xml; path = Info.plist; sourceTree = "<group>"; };
/* End PBXFileReference section */

/* Begin PBXFrameworksBuildPhase section */
		6A604C4C2419A1B600D74909 /* Frameworks */ = {
			isa = PBXFrameworksBuildPhase;
			buildActionMask = 2147483647;
			files = (
			);
			runOnlyForDeploymentPostprocessing = 0;
		};
		6A604C602419A1B800D74909 /* Frameworks */ = {
			isa = PBXFrameworksBuildPhase;
			buildActionMask = 2147483647;
			files = (
			);
			runOnlyForDeploymentPostprocessing = 0;
		};
		6A604C6B2419A1B900D74909 /* Frameworks */ = {
			isa = PBXFrameworksBuildPhase;
			buildActionMask = 2147483647;
			files = (
			);
			runOnlyForDeploymentPostprocessing = 0;
		};
/* End PBXFrameworksBuildPhase section */

/* Begin PBXGroup section */
		6A604C462419A1B600D74909 = {
			isa = PBXGroup;
			children = (
				6A604C512419A1B600D74909 /* Actividad9_GDCV */,
				6A604C662419A1B900D74909 /* Actividad9_GDCVTests */,
				6A604C712419A1B900D74909 /* Actividad9_GDCVUITests */,
				6A604C502419A1B600D74909 /* Products */,
			);
			sourceTree = "<group>";
		};
		6A604C502419A1B600D74909 /* Products */ = {
			isa = PBXGroup;
			children = (
				6A604C4F2419A1B600D74909 /* Actividad9_GDCV.app */,
				6A604C632419A1B800D74909 /* Actividad9_GDCVTests.xctest */,
				6A604C6E2419A1B900D74909 /* Actividad9_GDCVUITests.xctest */,
			);
			name = Products;
			sourceTree = "<group>";
		};
		6A604C512419A1B600D74909 /* Actividad9_GDCV */ = {
			isa = PBXGroup;
			children = (
				6A604C522419A1B600D74909 /* AppDelegate.swift */,
				6A604C542419A1B600D74909 /* ViewController.swift */,
				6A604C562419A1B700D74909 /* Main.storyboard */,
				6A604C592419A1B800D74909 /* Assets.xcassets */,
				6A604C5B2419A1B800D74909 /* LaunchScreen.storyboard */,
				6A604C5E2419A1B800D74909 /* Info.plist */,
			);
			path = Actividad9_GDCV;
			sourceTree = "<group>";
		};
		6A604C662419A1B900D74909 /* Actividad9_GDCVTests */ = {
			isa = PBXGroup;
			children = (
				6A604C672419A1B900D74909 /* Actividad9_GDCVTests.swift */,
				6A604C692419A1B900D74909 /* Info.plist */,
			);
			path = Actividad9_GDCVTests;
			sourceTree = "<group>";
		};
		6A604C712419A1B900D74909 /* Actividad9_GDCVUITests */ = {
			isa = PBXGroup;
			children = (
				6A604C722419A1B900D74909 /* Actividad9_GDCVUITests.swift */,
				6A604C742419A1B900D74909 /* Info.plist */,
			);
			path = Actividad9_GDCVUITests;
			sourceTree = "<group>";
		};
/* End PBXGroup section */

/* Begin PBXNativeTarget section */
		6A604C4E2419A1B600D74909 /* Actividad9_GDCV */ = {
			isa = PBXNativeTarget;
			buildConfigurationList = 6A604C772419A1B900D74909 /* Build configuration list for PBXNativeTarget "Actividad9_GDCV" */;
			buildPhases = (
				6A604C4B2419A1B600D74909 /* Sources */,
				6A604C4C2419A1B600D74909 /* Frameworks */,
				6A604C4D2419A1B600D74909 /* Resources */,
			);
			buildRules = (
			);
			dependencies = (
			);
			name = Actividad9_GDCV;
			productName = Actividad9_GDCV;
			productReference = 6A604C4F2419A1B600D74909 /* Actividad9_GDCV.app */;
			productType = "com.apple.product-type.application";
		};
		6A604C622419A1B800D74909 /* Actividad9_GDCVTests */ = {
			isa = PBXNativeTarget;
			buildConfigurationList = 6A604C7A2419A1B900D74909 /* Build configuration list for PBXNativeTarget "Actividad9_GDCVTests" */;
			buildPhases = (
				6A604C5F2419A1B800D74909 /* Sources */,
				6A604C602419A1B800D74909 /* Frameworks */,
				6A604C612419A1B800D74909 /* Resources */,
			);
			buildRules = (
			);
			dependencies = (
				6A604C652419A1B800D74909 /* PBXTargetDependency */,
			);
			name = Actividad9_GDCVTests;
			productName = Actividad9_GDCVTests;
			productReference = 6A604C632419A1B800D74909 /* Actividad9_GDCVTests.xctest */;
			productType = "com.apple.product-type.bundle.unit-test";
		};
		6A604C6D2419A1B900D74909 /* Actividad9_GDCVUITests */ = {
			isa = PBXNativeTarget;
			buildConfigurationList = 6A604C7D2419A1B900D74909 /* Build configuration list for PBXNativeTarget "Actividad9_GDCVUITests" */;
			buildPhases = (
				6A604C6A2419A1B900D74909 /* Sources */,
				6A604C6B2419A1B900D74909 /* Frameworks */,
				6A604C6C2419A1B900D74909 /* Resources */,
			);
			buildRules = (
			);
			dependencies = (
				6A604C702419A1B900D74909 /* PBXTargetDependency */,
			);
			name = Actividad9_GDCVUITests;
			productName = Actividad9_GDCVUITests;
			productReference = 6A604C6E2419A1B900D74909 /* Actividad9_GDCVUITests.xctest */;
			productType = "com.apple.product-type.bundle.ui-testing";
		};
/* End PBXNativeTarget section */

/* Begin PBXProject section */
		6A604C472419A1B600D74909 /* Project object */ = {
			isa = PBXProject;
			attributes = {
				LastSwiftUpdateCheck = 1010;
				LastUpgradeCheck = 1010;
				ORGANIZATIONNAME = "usuario invitado";
				TargetAttributes = {
					6A604C4E2419A1B600D74909 = {
						CreatedOnToolsVersion = 10.1;
					};
					6A604C622419A1B800D74909 = {
						CreatedOnToolsVersion = 10.1;
						TestTargetID = 6A604C4E2419A1B600D74909;
					};
					6A604C6D2419A1B900D74909 = {
						CreatedOnToolsVersion = 10.1;
						TestTargetID = 6A604C4E2419A1B600D74909;
					};
				};
			};
			buildConfigurationList = 6A604C4A2419A1B600D74909 /* Build configuration list for PBXProject "Actividad9_GDCV" */;
			compatibilityVersion = "Xcode 9.3";
			developmentRegion = en;
			hasScannedForEncodings = 0;
			knownRegions = (
				en,
				Base,
			);
			mainGroup = 6A604C462419A1B600D74909;
			productRefGroup = 6A604C502419A1B600D74909 /* Products */;
			projectDirPath = "";
			projectRoot = "";
			targets = (
				6A604C4E2419A1B600D74909 /* Actividad9_GDCV */,
				6A604C622419A1B800D74909 /* Actividad9_GDCVTests */,
				6A604C6D2419A1B900D74909 /* Actividad9_GDCVUITests */,
			);
		};
/* End PBXProject section */

/* Begin PBXResourcesBuildPhase section */
		6A604C4D2419A1B600D74909 /* Resources */ = {
			isa = PBXResourcesBuildPhase;
			buildActionMask = 2147483647;
			files = (
				6A604C5D2419A1B800D74909 /* LaunchScreen.storyboard in Resources */,
				6A604C5A2419A1B800D74909 /* Assets.xcassets in Resources */,
				6A604C582419A1B700D74909 /* Main.storyboard in Resources */,
			);
			runOnlyForDeploymentPostprocessing = 0;
		};
		6A604C612419A1B800D74909 /* Resources */ = {
			isa = PBXResourcesBuildPhase;
			buildActionMask = 2147483647;
			files = (
			);
			runOnlyForDeploymentPostprocessing = 0;
		};
		6A604C6C2419A1B900D74909 /* Resources */ = {
			isa = PBXResourcesBuildPhase;
			buildActionMask = 2147483647;
			files = (
			);
			runOnlyForDeploymentPostprocessing = 0;
		};
/* End PBXResourcesBuildPhase section */

/* Begin PBXSourcesBuildPhase section */
		6A604C4B2419A1B600D74909 /* Sources */ = {
			isa = PBXSourcesBuildPhase;
			buildActionMask = 2147483647;
			files = (
				6A604C552419A1B600D74909 /* ViewController.swift in Sources */,
				6A604C532419A1B600D74909 /* AppDelegate.swift in Sources */,
			);
			runOnlyForDeploymentPostprocessing = 0;
		};
		6A604C5F2419A1B800D74909 /* Sources */ = {
			isa = PBXSourcesBuildPhase;
			buildActionMask = 2147483647;
			files = (
				6A604C682419A1B900D74909 /* Actividad9_GDCVTests.swift in Sources */,
			);
			runOnlyForDeploymentPostprocessing = 0;
		};
		6A604C6A2419A1B900D74909 /* Sources */ = {
			isa = PBXSourcesBuildPhase;
			buildActionMask = 2147483647;
			files = (
				6A604C732419A1B900D74909 /* Actividad9_GDCVUITests.swift in Sources */,
			);
			runOnlyForDeploymentPostprocessing = 0;
		};
/* End PBXSourcesBuildPhase section */

/* Begin PBXTargetDependency section */
		6A604C652419A1B800D74909 /* PBXTargetDependency */ = {
			isa = PBXTargetDependency;
			target = 6A604C4E2419A1B600D74909 /* Actividad9_GDCV */;
			targetProxy = 6A604C642419A1B800D74909 /* PBXContainerItemProxy */;
		};
		6A604C702419A1B900D74909 /* PBXTargetDependency */ = {
			isa = PBXTargetDependency;
			target = 6A604C4E2419A1B600D74909 /* Actividad9_GDCV */;
			targetProxy = 6A604C6F2419A1B900D74909 /* PBXContainerItemProxy */;
		};
/* End PBXTargetDependency section */

/* Begin PBXVariantGroup section */
		6A604C562419A1B700D74909 /* Main.storyboard */ = {
			isa = PBXVariantGroup;
			children = (
				6A604C572419A1B700D74909 /* Base */,
			);
			name = Main.storyboard;
			sourceTree = "<group>";
		};
		6A604C5B2419A1B800D74909 /* LaunchScreen.storyboard */ = {
			isa = PBXVariantGroup;
			children = (
				6A604C5C2419A1B800D74909 /* Base */,
			);
			name = LaunchScreen.storyboard;
			sourceTree = "<group>";
		};
/* End PBXVariantGroup section */

/* Begin XCBuildConfiguration section */
		6A604C752419A1B900D74909 /* Debug */ = {
			isa = XCBuildConfiguration;
			buildSettings = {
				ALWAYS_SEARCH_USER_PATHS = NO;
				CLANG_ANALYZER_NONNULL = YES;
				CLANG_ANALYZER_NUMBER_OBJECT_CONVERSION = YES_AGGRESSIVE;
				CLANG_CXX_LANGUAGE_STANDARD = "gnu++14";
				CLANG_CXX_LIBRARY = "libc++";
				CLANG_ENABLE_MODULES = YES;
				CLANG_ENABLE_OBJC_ARC = YES;
				CLANG_ENABLE_OBJC_WEAK = YES;
				CLANG_WARN_BLOCK_CAPTURE_AUTORELEASING = YES;
				CLANG_WARN_BOOL_CONVERSION = YES;
				CLANG_WARN_COMMA = YES;
				CLANG_WARN_CONSTANT_CONVERSION = YES;
				CLANG_WARN_DEPRECATED_OBJC_IMPLEMENTATIONS = YES;
				CLANG_WARN_DIRECT_OBJC_ISA_USAGE = YES_ERROR;
				CLANG_WARN_DOCUMENTATION_COMMENTS = YES;
				CLANG_WARN_EMPTY_BODY = YES;
				CLANG_WARN_ENUM_CONVERSION = YES;
				CLANG_WARN_INFINITE_RECURSION = YES;
				CLANG_WARN_INT_CONVERSION = YES;
				CLANG_WARN_NON_LITERAL_NULL_CONVERSION = YES;
				CLANG_WARN_OBJC_IMPLICIT_RETAIN_SELF = YES;
				CLANG_WARN_OBJC_LITERAL_CONVERSION = YES;
				CLANG_WARN_OBJC_ROOT_CLASS = YES_ERROR;
				CLANG_WARN_RANGE_LOOP_ANALYSIS = YES;
				CLANG_WARN_STRICT_PROTOTYPES = YES;
				CLANG_WARN_SUSPICIOUS_MOVE = YES;
				CLANG_WARN_UNGUARDED_AVAILABILITY = YES_AGGRESSIVE;
				CLANG_WARN_UNREACHABLE_CODE = YES;
				CLANG_WARN__DUPLICATE_METHOD_MATCH = YES;
				CODE_SIGN_IDENTITY = "iPhone Developer";
				COPY_PHASE_STRIP = NO;
				DEBUG_INFORMATION_FORMAT = dwarf;
				ENABLE_STRICT_OBJC_MSGSEND = YES;
				ENABLE_TESTABILITY = YES;
				GCC_C_LANGUAGE_STANDARD = gnu11;
				GCC_DYNAMIC_NO_PIC = NO;
				GCC_NO_COMMON_BLOCKS = YES;
				GCC_OPTIMIZATION_LEVEL = 0;
				GCC_PREPROCESSOR_DEFINITIONS = (
					"DEBUG=1",
					"$(inherited)",
				);
				GCC_WARN_64_TO_32_BIT_CONVERSION = YES;
				GCC_WARN_ABOUT_RETURN_TYPE = YES_ERROR;
				GCC_WARN_UNDECLARED_SELECTOR = YES;
				GCC_WARN_UNINITIALIZED_AUTOS = YES_AGGRESSIVE;
				GCC_WARN_UNUSED_FUNCTION = YES;
				GCC_WARN_UNUSED_VARIABLE = YES;
				IPHONEOS_DEPLOYMENT_TARGET = 12.1;
				MTL_ENABLE_DEBUG_INFO = INCLUDE_SOURCE;
				MTL_FAST_MATH = YES;
				ONLY_ACTIVE_ARCH = YES;
				SDKROOT = iphoneos;
				SWIFT_ACTIVE_COMPILATION_CONDITIONS = DEBUG;
				SWIFT_OPTIMIZATION_LEVEL = "-Onone";
			};
			name = Debug;
		};
		6A604C762419A1B900D74909 /* Release */ = {
			isa = XCBuildConfiguration;
			buildSettings = {
				ALWAYS_SEARCH_USER_PATHS = NO;
				CLANG_ANALYZER_NONNULL = YES;
				CLANG_ANALYZER_NUMBER_OBJECT_CONVERSION = YES_AGGRESSIVE;
				CLANG_CXX_LANGUAGE_STANDARD = "gnu++14";
				CLANG_CXX_LIBRARY = "libc++";
				CLANG_ENABLE_MODULES = YES;
				CLANG_ENABLE_OBJC_ARC = YES;
				CLANG_ENABLE_OBJC_WEAK = YES;
				CLANG_WARN_BLOCK_CAPTURE_AUTORELEASING = YES;
				CLANG_WARN_BOOL_CONVERSION = YES;
				CLANG_WARN_COMMA = YES;
				CLANG_WARN_CONSTANT_CONVERSION = YES;
				CLANG_WARN_DEPRECATED_OBJC_IMPLEMENTATIONS = YES;
				CLANG_WARN_DIRECT_OBJC_ISA_USAGE = YES_ERROR;
				CLANG_WARN_DOCUMENTATION_COMMENTS = YES;
				CLANG_WARN_EMPTY_BODY = YES;
				CLANG_WARN_ENUM_CONVERSION = YES;
				CLANG_WARN_INFINITE_RECURSION = YES;
				CLANG_WARN_INT_CONVERSION = YES;
				CLANG_WARN_NON_LITERAL_NULL_CONVERSION = YES;
				CLANG_WARN_OBJC_IMPLICIT_RETAIN_SELF = YES;
				CLANG_WARN_OBJC_LITERAL_CONVERSION = YES;
				CLANG_WARN_OBJC_ROOT_CLASS = YES_ERROR;
				CLANG_WARN_RANGE_LOOP_ANALYSIS = YES;
				CLANG_WARN_STRICT_PROTOTYPES = YES;
				CLANG_WARN_SUSPICIOUS_MOVE = YES;
				CLANG_WARN_UNGUARDED_AVAILABILITY = YES_AGGRESSIVE;
				CLANG_WARN_UNREACHABLE_CODE = YES;
				CLANG_WARN__DUPLICATE_METHOD_MATCH = YES;
				CODE_SIGN_IDENTITY = "iPhone Developer";
				COPY_PHASE_STRIP = NO;
				DEBUG_INFORMATION_FORMAT = "dwarf-with-dsym";
				ENABLE_NS_ASSERTIONS = NO;
				ENABLE_STRICT_OBJC_MSGSEND = YES;
				GCC_C_LANGUAGE_STANDARD = gnu11;
				GCC_NO_COMMON_BLOCKS = YES;
				GCC_WARN_64_TO_32_BIT_CONVERSION = YES;
				GCC_WARN_ABOUT_RETURN_TYPE = YES_ERROR;
				GCC_WARN_UNDECLARED_SELECTOR = YES;
				GCC_WARN_UNINITIALIZED_AUTOS = YES_AGGRESSIVE;
				GCC_WARN_UNUSED_FUNCTION = YES;
				GCC_WARN_UNUSED_VARIABLE = YES;
				IPHONEOS_DEPLOYMENT_TARGET = 12.1;
				MTL_ENABLE_DEBUG_INFO = NO;
				MTL_FAST_MATH = YES;
				SDKROOT = iphoneos;
				SWIFT_COMPILATION_MODE = wholemodule;
				SWIFT_OPTIMIZATION_LEVEL = "-O";
				VALIDATE_PRODUCT = YES;
			};
			name = Release;
		};
		6A604C782419A1B900D74909 /* Debug */ = {
			isa = XCBuildConfiguration;
			buildSettings = {
				ASSETCATALOG_COMPILER_APPICON_NAME = AppIcon;
				CODE_SIGN_STYLE = Automatic;
				INFOPLIST_FILE = Actividad9_GDCV/Info.plist;
				LD_RUNPATH_SEARCH_PATHS = (
					"$(inherited)",
					"@executable_path/Frameworks",
				);
				PRODUCT_BUNDLE_IDENTIFIER = "myFirstapp.Actividad9-GDCV";
				PRODUCT_NAME = "$(TARGET_NAME)";
				SWIFT_VERSION = 4.2;
				TARGETED_DEVICE_FAMILY = "1,2";
			};
			name = Debug;
		};
		6A604C792419A1B900D74909 /* Release */ = {
			isa = XCBuildConfiguration;
			buildSettings = {
				ASSETCATALOG_COMPILER_APPICON_NAME = AppIcon;
				CODE_SIGN_STYLE = Automatic;
				INFOPLIST_FILE = Actividad9_GDCV/Info.plist;
				LD_RUNPATH_SEARCH_PATHS = (
					"$(inherited)",
					"@executable_path/Frameworks",
				);
				PRODUCT_BUNDLE_IDENTIFIER = "myFirstapp.Actividad9-GDCV";
				PRODUCT_NAME = "$(TARGET_NAME)";
				SWIFT_VERSION = 4.2;
				TARGETED_DEVICE_FAMILY = "1,2";
			};
			name = Release;
		};
		6A604C7B2419A1B900D74909 /* Debug */ = {
			isa = XCBuildConfiguration;
			buildSettings = {
				ALWAYS_EMBED_SWIFT_STANDARD_LIBRARIES = YES;
				BUNDLE_LOADER = "$(TEST_HOST)";
				CODE_SIGN_STYLE = Automatic;
				INFOPLIST_FILE = Actividad9_GDCVTests/Info.plist;
				LD_RUNPATH_SEARCH_PATHS = (
					"$(inherited)",
					"@executable_path/Frameworks",
					"@loader_path/Frameworks",
				);
				PRODUCT_BUNDLE_IDENTIFIER = "myFirstapp.Actividad9-GDCVTests";
				PRODUCT_NAME = "$(TARGET_NAME)";
				SWIFT_VERSION = 4.2;
				TARGETED_DEVICE_FAMILY = "1,2";
				TEST_HOST = "$(BUILT_PRODUCTS_DIR)/Actividad9_GDCV.app/Actividad9_GDCV";
			};
			name = Debug;
		};
		6A604C7C2419A1B900D74909 /* Release */ = {
			isa = XCBuildConfiguration;
			buildSettings = {
				ALWAYS_EMBED_SWIFT_STANDARD_LIBRARIES = YES;
				BUNDLE_LOADER = "$(TEST_HOST)";
				CODE_SIGN_STYLE = Automatic;
				INFOPLIST_FILE = Actividad9_GDCVTests/Info.plist;
				LD_RUNPATH_SEARCH_PATHS = (
					"$(inherited)",
					"@executable_path/Frameworks",
					"@loader_path/Frameworks",
				);
				PRODUCT_BUNDLE_IDENTIFIER = "myFirstapp.Actividad9-GDCVTests";
				PRODUCT_NAME = "$(TARGET_NAME)";
				SWIFT_VERSION = 4.2;
				TARGETED_DEVICE_FAMILY = "1,2";
				TEST_HOST = "$(BUILT_PRODUCTS_DIR)/Actividad9_GDCV.app/Actividad9_GDCV";
			};
			name = Release;
		};
		6A604C7E2419A1B900D74909 /* Debug */ = {
			isa = XCBuildConfiguration;
			buildSettings = {
				ALWAYS_EMBED_SWIFT_STANDARD_LIBRARIES = YES;
				CODE_SIGN_STYLE = Automatic;
				INFOPLIST_FILE = Actividad9_GDCVUITests/Info.plist;
				LD_RUNPATH_SEARCH_PATHS = (
					"$(inherited)",
					"@executable_path/Frameworks",
					"@loader_path/Frameworks",
				);
				PRODUCT_BUNDLE_IDENTIFIER = "myFirstapp.Actividad9-GDCVUITests";
				PRODUCT_NAME = "$(TARGET_NAME)";
				SWIFT_VERSION = 4.2;
				TARGETED_DEVICE_FAMILY = "1,2";
				TEST_TARGET_NAME = Actividad9_GDCV;
			};
			name = Debug;
		};
		6A604C7F2419A1B900D74909 /* Release */ = {
			isa = XCBuildConfiguration;
			buildSettings = {
				ALWAYS_EMBED_SWIFT_STANDARD_LIBRARIES = YES;
				CODE_SIGN_STYLE = Automatic;
				INFOPLIST_FILE = Actividad9_GDCVUITests/Info.plist;
				LD_RUNPATH_SEARCH_PATHS = (
					"$(inherited)",
					"@executable_path/Frameworks",
					"@loader_path/Frameworks",
				);
				PRODUCT_BUNDLE_IDENTIFIER = "myFirstapp.Actividad9-GDCVUITests";
				PRODUCT_NAME = "$(TARGET_NAME)";
				SWIFT_VERSION = 4.2;
				TARGETED_DEVICE_FAMILY = "1,2";
				TEST_TARGET_NAME = Actividad9_GDCV;
			};
			name = Release;
		};
/* End XCBuildConfiguration section */

/* Begin XCConfigurationList section */
		6A604C4A2419A1B600D74909 /* Build configuration list for PBXProject "Actividad9_GDCV" */ = {
			isa = XCConfigurationList;
			buildConfigurations = (
				6A604C752419A1B900D74909 /* Debug */,
				6A604C762419A1B900D74909 /* Release */,
			);
			defaultConfigurationIsVisible = 0;
			defaultConfigurationName = Release;
		};
		6A604C772419A1B900D74909 /* Build configuration list for PBXNativeTarget "Actividad9_GDCV" */ = {
			isa = XCConfigurationList;
			buildConfigurations = (
				6A604C782419A1B900D74909 /* Debug */,
				6A604C792419A1B900D74909 /* Release */,
			);
			defaultConfigurationIsVisible = 0;
			defaultConfigurationName = Release;
		};
		6A604C7A2419A1B900D74909 /* Build configuration list for PBXNativeTarget "Actividad9_GDCVTests" */ = {
			isa = XCConfigurationList;
			buildConfigurations = (
				6A604C7B2419A1B900D74909 /* Debug */,
				6A604C7C2419A1B900D74909 /* Release */,
			);
			defaultConfigurationIsVisible = 0;
			defaultConfigurationName = Release;
		};
		6A604C7D2419A1B900D74909 /* Build configuration list for PBXNativeTarget "Actividad9_GDCVUITests" */ = {
			isa = XCConfigurationList;
			buildConfigurations = (
				6A604C7E2419A1B900D74909 /* Debug */,
				6A604C7F2419A1B900D74909 /* Release */,
			);
			defaultConfigurationIsVisible = 0;
			defaultConfigurationName = Release;
		};
/* End XCConfigurationList section */
	};
	rootObject = 6A604C472419A1B600D74909 /* Project object */;
}
